Microsoft Visual Studio Solution File, Format Version 12.00
# Visual Studio 15
VisualStudioVersion = 15.0.26730.12
MinimumVisualStudioVersion = 10.0.40219.1
Project("{FAE04EC0-301F-11D3-BF4B-00C04F79EFBC}") = "IOSDialogDemo", "IOSDialogDemo.csproj", "{877C7DB8-3E5C-453D-ADB5-D42A331747E3}"
EndProject
Project("{FAE04EC0-301F-11D3-BF4B-00C04F79EFBC}") = "IOSDialog", "..\Lib\IOSDialog.csproj", "{87751D2F-D031-4613-8849-8836456815F3}"
EndProject
Global
	GlobalSection(SolutionConfigurationPlatforms) = preSolution
		Debug|Any CPU = Debug|Any CPU
		Release|Any CPU = Release|Any CPU
	EndGlobalSection
	GlobalSection(ProjectConfigurationPlatforms) = postSolution
		{877C7DB8-3E5C-453D-ADB5-D42A331747E3}.Debug|Any CPU.ActiveCfg = Debug|Any CPU
		{877C7DB8-3E5C-453D-ADB5-D42A331747E3}.Debug|Any CPU.Build.0 = Debug|Any CPU
		{877C7DB8-3E5C-453D-ADB5-D42A331747E3}.Debug|Any CPU.Deploy.0 = Debug|Any CPU
		{877C7DB8-3E5C-453D-ADB5-D42A331747E3}.Release|Any CPU.ActiveCfg = Release|Any CPU
		{877C7DB8-3E5C-453D-ADB5-D42A331747E3}.Release|Any CPU.Build.0 = Release|Any CPU
		{87751D2F-D031-4613-8849-8836456815F3}.Debug|Any CPU.ActiveCfg = Debug|Any CPU
		{87751D2F-D031-4613-8849-8836456815F3}.Debug|Any CPU.Build.0 = Debug|Any CPU
		{87751D2F-D031-4613-8849-8836456815F3}.Release|Any CPU.ActiveCfg = Release|Any CPU
		{87751D2F-D031-4613-8849-8836456815F3}.Release|Any CPU.Build.0 = Release|Any CPU
	EndGlobalSection
	GlobalSection(SolutionProperties) = preSolution
		HideSolutionNode = FALSE
	EndGlobalSection
	GlobalSection(ExtensibilityGlobals) = postSolution
		SolutionGuid = {2B1AC9DF-129F-4186-A147-B3FAF89A9401}
	EndGlobalSection
EndGlobal
